
Microsoft Visual Studio Solution File, Format Version 12.00
# Visual Studio 2013
VisualStudioVersion = 12.0.40629.0
MinimumVisualStudioVersion = 10.0.40219.1
Project("{FAE04EC0-301F-11D3-BF4B-00C04F79EFBC}") = "RecipeWebsite", "RecipeWebsite\RecipeWebsite.csproj", "{DFFBF81B-673B-4780-B67C-1B440CE7FB17}"
EndProject
Project("{FAE04EC0-301F-11D3-BF4B-00C04F79EFBC}") = "CodeFirst", "CodeFirst\CodeFirst.csproj", "{B8B5F8FD-7D7F-48DA-92E1-5DC35F6C16DE}"
EndProject
Global
	GlobalSection(SolutionConfigurationPlatforms) = preSolution
		Debug|Any CPU = Debug|Any CPU
		Release|Any CPU = Release|Any CPU
	EndGlobalSection
	GlobalSection(ProjectConfigurationPlatforms) = postSolution
		{DFFBF81B-673B-4780-B67C-1B440CE7FB17}.Debug|Any CPU.ActiveCfg = Debug|Any CPU
		{DFFBF81B-673B-4780-B67C-1B440CE7FB17}.Debug|Any CPU.Build.0 = Debug|Any CPU
		{DFFBF81B-673B-4780-B67C-1B440CE7FB17}.Release|Any CPU.ActiveCfg = Release|Any CPU
		{DFFBF81B-673B-4780-B67C-1B440CE7FB17}.Release|Any CPU.Build.0 = Release|Any CPU
		{B8B5F8FD-7D7F-48DA-92E1-5DC35F6C16DE}.Debug|Any CPU.ActiveCfg = Debug|Any CPU
		{B8B5F8FD-7D7F-48DA-92E1-5DC35F6C16DE}.Debug|Any CPU.Build.0 = Debug|Any CPU
		{B8B5F8FD-7D7F-48DA-92E1-5DC35F6C16DE}.Release|Any CPU.ActiveCfg = Release|Any CPU
		{B8B5F8FD-7D7F-48DA-92E1-5DC35F6C16DE}.Release|Any CPU.Build.0 = Release|Any CPU
	EndGlobalSection
	GlobalSection(SolutionProperties) = preSolution
		HideSolutionNode = FALSE
	EndGlobalSection
EndGlobal
